
Microsoft Visual Studio Solution File, Format Version 12.00
# Visual Studio Version 17
VisualStudioVersion = 17.2.32616.157
MinimumVisualStudioVersion = 10.0.40219.1
Project("{9A19103F-16F7-4668-BE54-9A1E7A4F7556}") = "InMetrics.TransactionManagement.API", "src\InMetrics.TransactionManagement.API\InMetrics.TransactionManagement.API.csproj", "{7AA114CA-1A7B-4622-8C08-F1044AD9647B}"
EndProject
Project("{2150E333-8FDC-42A3-9474-1A3956D46DE8}") = "src", "src", "{39244BAA-A1C9-4D6D-95CD-521E0475547B}"
EndProject
Project("{2150E333-8FDC-42A3-9474-1A3956D46DE8}") = "Tests", "Tests", "{54D7FFCC-7741-4193-A88F-BEA7D76237D4}"
EndProject
Project("{2150E333-8FDC-42A3-9474-1A3956D46DE8}") = "Apis", "Apis", "{63D59E50-1414-49EA-A1BE-69D0D2271B6D}"
EndProject
Project("{2150E333-8FDC-42A3-9474-1A3956D46DE8}") = "Libraries", "Libraries", "{30C75E0F-1ABF-4C51-961C-A1E3E30BF699}"
EndProject
Project("{2150E333-8FDC-42A3-9474-1A3956D46DE8}") = "Models", "Models", "{5EE75181-93C1-4648-AF25-1F378D39357B}"
EndProject
Project("{FAE04EC0-301F-11D3-BF4B-00C04F79EFBC}") = "InMetrics.Models", "src\InMetrics.Models\InMetrics.Models.csproj", "{28510E35-F406-40A3-9157-11244EEE8A02}"
EndProject
Project("{2150E333-8FDC-42A3-9474-1A3956D46DE8}") = "UI", "UI", "{E15E42A4-A818-43D7-A18D-A35FB74EC0BD}"
EndProject
Project("{FAE04EC0-301F-11D3-BF4B-00C04F79EFBC}") = "InMetrics.Challenge.UI", "src\InMetrics.Challenge.UI\InMetrics.Challenge.UI.csproj", "{54C0AE74-B1A4-4071-A842-CD717A27B57A}"
EndProject
Project("{FAE04EC0-301F-11D3-BF4B-00C04F79EFBC}") = "InMetrics.HttpLibrary", "src\InMetrics.HttpLibrary\InMetrics.HttpLibrary.csproj", "{AC69DD49-19BB-4F76-922C-F77FCEC4D8DA}"
EndProject
Project("{2150E333-8FDC-42A3-9474-1A3956D46DE8}") = "Endpoints", "Endpoints", "{BEDAAD67-058A-442D-8CCD-B331F6743EFC}"
EndProject
Project("{FAE04EC0-301F-11D3-BF4B-00C04F79EFBC}") = "InMetrics.Endpoints", "src\InMetrics.Endpoints\InMetrics.Endpoints.csproj", "{6528AED6-52DE-4AA4-8175-DD0274E64B65}"
EndProject
Project("{2150E333-8FDC-42A3-9474-1A3956D46DE8}") = "BusinessRules", "BusinessRules", "{23A202E2-60B4-4F64-AC60-34C972878AE4}"
EndProject
Project("{FAE04EC0-301F-11D3-BF4B-00C04F79EFBC}") = "InMetrics.BusinessRules", "src\InMetrics.BusinessRules\InMetrics.BusinessRules.csproj", "{CAF67FFB-EC7E-4528-910A-C1AD6BD63EBA}"
EndProject
Project("{FAE04EC0-301F-11D3-BF4B-00C04F79EFBC}") = "InMetrics.BusinessRules.UnitTests", "tests\InMetrics.BusinessRules.UnitTests\InMetrics.BusinessRules.UnitTests.csproj", "{1CCB6E75-46D3-4672-9743-944866BC6B8D}"
EndProject
Global
	GlobalSection(SolutionConfigurationPlatforms) = preSolution
		Debug|Any CPU = Debug|Any CPU
		Release|Any CPU = Release|Any CPU
	EndGlobalSection
	GlobalSection(ProjectConfigurationPlatforms) = postSolution
		{7AA114CA-1A7B-4622-8C08-F1044AD9647B}.Debug|Any CPU.ActiveCfg = Debug|Any CPU
		{7AA114CA-1A7B-4622-8C08-F1044AD9647B}.Debug|Any CPU.Build.0 = Debug|Any CPU
		{7AA114CA-1A7B-4622-8C08-F1044AD9647B}.Release|Any CPU.ActiveCfg = Release|Any CPU
		{7AA114CA-1A7B-4622-8C08-F1044AD9647B}.Release|Any CPU.Build.0 = Release|Any CPU
		{28510E35-F406-40A3-9157-11244EEE8A02}.Debug|Any CPU.ActiveCfg = Debug|Any CPU
		{28510E35-F406-40A3-9157-11244EEE8A02}.Debug|Any CPU.Build.0 = Debug|Any CPU
		{28510E35-F406-40A3-9157-11244EEE8A02}.Release|Any CPU.ActiveCfg = Release|Any CPU
		{28510E35-F406-40A3-9157-11244EEE8A02}.Release|Any CPU.Build.0 = Release|Any CPU
		{54C0AE74-B1A4-4071-A842-CD717A27B57A}.Debug|Any CPU.ActiveCfg = Debug|Any CPU
		{54C0AE74-B1A4-4071-A842-CD717A27B57A}.Debug|Any CPU.Build.0 = Debug|Any CPU
		{54C0AE74-B1A4-4071-A842-CD717A27B57A}.Release|Any CPU.ActiveCfg = Release|Any CPU
		{54C0AE74-B1A4-4071-A842-CD717A27B57A}.Release|Any CPU.Build.0 = Release|Any CPU
		{AC69DD49-19BB-4F76-922C-F77FCEC4D8DA}.Debug|Any CPU.ActiveCfg = Debug|Any CPU
		{AC69DD49-19BB-4F76-922C-F77FCEC4D8DA}.Debug|Any CPU.Build.0 = Debug|Any CPU
		{AC69DD49-19BB-4F76-922C-F77FCEC4D8DA}.Release|Any CPU.ActiveCfg = Release|Any CPU
		{AC69DD49-19BB-4F76-922C-F77FCEC4D8DA}.Release|Any CPU.Build.0 = Release|Any CPU
		{6528AED6-52DE-4AA4-8175-DD0274E64B65}.Debug|Any CPU.ActiveCfg = Debug|Any CPU
		{6528AED6-52DE-4AA4-8175-DD0274E64B65}.Debug|Any CPU.Build.0 = Debug|Any CPU
		{6528AED6-52DE-4AA4-8175-DD0274E64B65}.Release|Any CPU.ActiveCfg = Release|Any CPU
		{6528AED6-52DE-4AA4-8175-DD0274E64B65}.Release|Any CPU.Build.0 = Release|Any CPU
		{CAF67FFB-EC7E-4528-910A-C1AD6BD63EBA}.Debug|Any CPU.ActiveCfg = Debug|Any CPU
		{CAF67FFB-EC7E-4528-910A-C1AD6BD63EBA}.Debug|Any CPU.Build.0 = Debug|Any CPU
		{CAF67FFB-EC7E-4528-910A-C1AD6BD63EBA}.Release|Any CPU.ActiveCfg = Release|Any CPU
		{CAF67FFB-EC7E-4528-910A-C1AD6BD63EBA}.Release|Any CPU.Build.0 = Release|Any CPU
		{1CCB6E75-46D3-4672-9743-944866BC6B8D}.Debug|Any CPU.ActiveCfg = Debug|Any CPU
		{1CCB6E75-46D3-4672-9743-944866BC6B8D}.Debug|Any CPU.Build.0 = Debug|Any CPU
		{1CCB6E75-46D3-4672-9743-944866BC6B8D}.Release|Any CPU.ActiveCfg = Release|Any CPU
		{1CCB6E75-46D3-4672-9743-944866BC6B8D}.Release|Any CPU.Build.0 = Release|Any CPU
	EndGlobalSection
	GlobalSection(SolutionProperties) = preSolution
		HideSolutionNode = FALSE
	EndGlobalSection
	GlobalSection(NestedProjects) = preSolution
		{7AA114CA-1A7B-4622-8C08-F1044AD9647B} = {63D59E50-1414-49EA-A1BE-69D0D2271B6D}
		{63D59E50-1414-49EA-A1BE-69D0D2271B6D} = {39244BAA-A1C9-4D6D-95CD-521E0475547B}
		{30C75E0F-1ABF-4C51-961C-A1E3E30BF699} = {39244BAA-A1C9-4D6D-95CD-521E0475547B}
		{5EE75181-93C1-4648-AF25-1F378D39357B} = {39244BAA-A1C9-4D6D-95CD-521E0475547B}
		{28510E35-F406-40A3-9157-11244EEE8A02} = {5EE75181-93C1-4648-AF25-1F378D39357B}
		{E15E42A4-A818-43D7-A18D-A35FB74EC0BD} = {39244BAA-A1C9-4D6D-95CD-521E0475547B}
		{54C0AE74-B1A4-4071-A842-CD717A27B57A} = {E15E42A4-A818-43D7-A18D-A35FB74EC0BD}
		{AC69DD49-19BB-4F76-922C-F77FCEC4D8DA} = {30C75E0F-1ABF-4C51-961C-A1E3E30BF699}
		{BEDAAD67-058A-442D-8CCD-B331F6743EFC} = {39244BAA-A1C9-4D6D-95CD-521E0475547B}
		{6528AED6-52DE-4AA4-8175-DD0274E64B65} = {BEDAAD67-058A-442D-8CCD-B331F6743EFC}
		{23A202E2-60B4-4F64-AC60-34C972878AE4} = {39244BAA-A1C9-4D6D-95CD-521E0475547B}
		{CAF67FFB-EC7E-4528-910A-C1AD6BD63EBA} = {23A202E2-60B4-4F64-AC60-34C972878AE4}
		{1CCB6E75-46D3-4672-9743-944866BC6B8D} = {54D7FFCC-7741-4193-A88F-BEA7D76237D4}
	EndGlobalSection
	GlobalSection(ExtensibilityGlobals) = postSolution
		SolutionGuid = {319C8AD8-ACB4-40E3-A241-B6511FCCF0BB}
	EndGlobalSection
EndGlobal
